
Microsoft Visual Studio Solution File, Format Version 12.00
# Visual Studio Version 16
VisualStudioVersion = 16.0.30413.136
MinimumVisualStudioVersion = 10.0.40219.1
Project("{FAE04EC0-301F-11D3-BF4B-00C04F79EFBC}") = "PlariumChat", "PlariumChat.csproj", "{AB3C9C12-A4CC-4BF6-9833-7BF00736BDAA}"
EndProject
Global
	GlobalSection(SolutionConfigurationPlatforms) = preSolution
		Debug|Any CPU = Debug|Any CPU
		Release|Any CPU = Release|Any CPU
	EndGlobalSection
	GlobalSection(ProjectConfigurationPlatforms) = postSolution
		{AB3C9C12-A4CC-4BF6-9833-7BF00736BDAA}.Debug|Any CPU.ActiveCfg = Debug|Any CPU
		{AB3C9C12-A4CC-4BF6-9833-7BF00736BDAA}.Debug|Any CPU.Build.0 = Debug|Any CPU
		{AB3C9C12-A4CC-4BF6-9833-7BF00736BDAA}.Release|Any CPU.ActiveCfg = Release|Any CPU
		{AB3C9C12-A4CC-4BF6-9833-7BF00736BDAA}.Release|Any CPU.Build.0 = Release|Any CPU
	EndGlobalSection
	GlobalSection(SolutionProperties) = preSolution
		HideSolutionNode = FALSE
	EndGlobalSection
	GlobalSection(ExtensibilityGlobals) = postSolution
		SolutionGuid = {C8CC5735-3825-4273-AF29-62C7B55C2CD1}
	EndGlobalSection
EndGlobal
